
Microsoft Visual Studio Solution File, Format Version 12.00
# Visual Studio Version 17
VisualStudioVersion = 17.4.33213.308
MinimumVisualStudioVersion = 10.0.40219.1
Project("{9A19103F-16F7-4668-BE54-9A1E7A4F7556}") = "CoffeeShop.Blazor.Server", "CoffeeShop.Blazor\Server\CoffeeShop.Blazor.Server.csproj", "{2413F6E6-79D9-4392-9C26-FDCCAD2042C4}"
EndProject
Project("{9A19103F-16F7-4668-BE54-9A1E7A4F7556}") = "CoffeeShop.Blazor.Client", "CoffeeShop.Blazor\Client\CoffeeShop.Blazor.Client.csproj", "{5A29D9FC-DA9F-490E-BA11-23FEFB7C5DFC}"
EndProject
Project("{9A19103F-16F7-4668-BE54-9A1E7A4F7556}") = "CoffeeShop.Blazor.Shared", "CoffeeShop.Blazor\Shared\CoffeeShop.Blazor.Shared.csproj", "{3651CB6B-EBC3-4B2F-B3C9-A1118576D664}"
EndProject
Project("{9A19103F-16F7-4668-BE54-9A1E7A4F7556}") = "CoffeeShop.EF", "CoffeeShop.EF\CoffeeShop.EF.csproj", "{EFED5DEC-F605-45E6-B3BD-5408D1439190}"
EndProject
Project("{9A19103F-16F7-4668-BE54-9A1E7A4F7556}") = "CoffeeShop.Model", "CoffeeShop.Model\CoffeeShop.Model.csproj", "{209CDC67-C4D8-46BF-85D8-79E1E92732DB}"
EndProject
Global
	GlobalSection(SolutionConfigurationPlatforms) = preSolution
		Debug|Any CPU = Debug|Any CPU
		Release|Any CPU = Release|Any CPU
	EndGlobalSection
	GlobalSection(ProjectConfigurationPlatforms) = postSolution
		{2413F6E6-79D9-4392-9C26-FDCCAD2042C4}.Debug|Any CPU.ActiveCfg = Debug|Any CPU
		{2413F6E6-79D9-4392-9C26-FDCCAD2042C4}.Debug|Any CPU.Build.0 = Debug|Any CPU
		{2413F6E6-79D9-4392-9C26-FDCCAD2042C4}.Release|Any CPU.ActiveCfg = Release|Any CPU
		{2413F6E6-79D9-4392-9C26-FDCCAD2042C4}.Release|Any CPU.Build.0 = Release|Any CPU
		{5A29D9FC-DA9F-490E-BA11-23FEFB7C5DFC}.Debug|Any CPU.ActiveCfg = Debug|Any CPU
		{5A29D9FC-DA9F-490E-BA11-23FEFB7C5DFC}.Debug|Any CPU.Build.0 = Debug|Any CPU
		{5A29D9FC-DA9F-490E-BA11-23FEFB7C5DFC}.Release|Any CPU.ActiveCfg = Release|Any CPU
		{5A29D9FC-DA9F-490E-BA11-23FEFB7C5DFC}.Release|Any CPU.Build.0 = Release|Any CPU
		{3651CB6B-EBC3-4B2F-B3C9-A1118576D664}.Debug|Any CPU.ActiveCfg = Debug|Any CPU
		{3651CB6B-EBC3-4B2F-B3C9-A1118576D664}.Debug|Any CPU.Build.0 = Debug|Any CPU
		{3651CB6B-EBC3-4B2F-B3C9-A1118576D664}.Release|Any CPU.ActiveCfg = Release|Any CPU
		{3651CB6B-EBC3-4B2F-B3C9-A1118576D664}.Release|Any CPU.Build.0 = Release|Any CPU
		{EFED5DEC-F605-45E6-B3BD-5408D1439190}.Debug|Any CPU.ActiveCfg = Debug|Any CPU
		{EFED5DEC-F605-45E6-B3BD-5408D1439190}.Debug|Any CPU.Build.0 = Debug|Any CPU
		{EFED5DEC-F605-45E6-B3BD-5408D1439190}.Release|Any CPU.ActiveCfg = Release|Any CPU
		{EFED5DEC-F605-45E6-B3BD-5408D1439190}.Release|Any CPU.Build.0 = Release|Any CPU
		{209CDC67-C4D8-46BF-85D8-79E1E92732DB}.Debug|Any CPU.ActiveCfg = Debug|Any CPU
		{209CDC67-C4D8-46BF-85D8-79E1E92732DB}.Debug|Any CPU.Build.0 = Debug|Any CPU
		{209CDC67-C4D8-46BF-85D8-79E1E92732DB}.Release|Any CPU.ActiveCfg = Release|Any CPU
		{209CDC67-C4D8-46BF-85D8-79E1E92732DB}.Release|Any CPU.Build.0 = Release|Any CPU
	EndGlobalSection
	GlobalSection(SolutionProperties) = preSolution
		HideSolutionNode = FALSE
	EndGlobalSection
	GlobalSection(ExtensibilityGlobals) = postSolution
		SolutionGuid = {F368C4A5-BB64-4000-B68D-BAFC03EC458D}
	EndGlobalSection
EndGlobal
